// !$*UTF8*$!
{
	archiveVersion = 1;
	classes = {
	};
	objectVersion = 46;
	objects = {

/* Begin PBXBuildFile section */
		F2B5913D1F46F24B0079D599 /* linkedin-sdk in Frameworks */ = {isa = PBXBuildFile; fileRef = F2B591351F46F24B0079D599 /* linkedin-sdk */; };
		F2B5913E1F46F24B0079D599 /* RCTLinkedinLogin.m in Sources */ = {isa = PBXBuildFile; fileRef = F2B591371F46F24B0079D599 /* RCTLinkedinLogin.m */; };
		F2B5913F1F46F25D0079D599 /* RCTLinkedinLogin.h in Copy Files */ = {isa = PBXBuildFile; fileRef = F2B5912F1F46F24B0079D599 /* RCTLinkedinLogin.h */; };
/* End PBXBuildFile section */

/* Begin PBXCopyFilesBuildPhase section */
		6FB6F0D71D8CE22100D9AE37 /* Copy Files */ = {
			isa = PBXCopyFilesBuildPhase;
			buildActionMask = 2147483647;
			dstPath = "include/$(PRODUCT_NAME)";
			dstSubfolderSpec = 16;
			files = (
				F2B5913F1F46F25D0079D599 /* RCTLinkedinLogin.h in Copy Files */,
			);
			name = "Copy Files";
			runOnlyForDeploymentPostprocessing = 0;
		};
/* End PBXCopyFilesBuildPhase section */

/* Begin PBXFileReference section */
		6FB6F0D91D8CE22100D9AE37 /* libRCTLinkedinLogin.a */ = {isa = PBXFileReference; explicitFileType = archive.ar; includeInIndex = 0; path = libRCTLinkedinLogin.a; sourceTree = BUILT_PRODUCTS_DIR; };
		F2B5912F1F46F24B0079D599 /* RCTLinkedinLogin.h */ = {isa = PBXFileReference; fileEncoding = 4; lastKnownFileType = sourcecode.c.h; path = RCTLinkedinLogin.h; sourceTree = "<group>"; };
		F2B591301F46F24B0079D599 /* LISDKErrorCode.h */ = {isa = PBXFileReference; fileEncoding = 4; lastKnownFileType = sourcecode.c.h; path = LISDKErrorCode.h; sourceTree = "<group>"; };
		F2B591311F46F24B0079D599 /* LISDKAPIError.h */ = {isa = PBXFileReference; fileEncoding = 4; lastKnownFileType = sourcecode.c.h; path = LISDKAPIError.h; sourceTree = "<group>"; };
		F2B591321F46F24B0079D599 /* LISDKSessionManager.h */ = {isa = PBXFileReference; fileEncoding = 4; lastKnownFileType = sourcecode.c.h; path = LISDKSessionManager.h; sourceTree = "<group>"; };
		F2B591331F46F24B0079D599 /* LISDKCallbackHandler.h */ = {isa = PBXFileReference; fileEncoding = 4; lastKnownFileType = sourcecode.c.h; path = LISDKCallbackHandler.h; sourceTree = "<group>"; };
		F2B591341F46F24B0079D599 /* LISDKAPIHelper.h */ = {isa = PBXFileReference; fileEncoding = 4; lastKnownFileType = sourcecode.c.h; path = LISDKAPIHelper.h; sourceTree = "<group>"; };
		F2B591351F46F24B0079D599 /* linkedin-sdk */ = {isa = PBXFileReference; lastKnownFileType = archive.ar; path = "linkedin-sdk"; sourceTree = "<group>"; };
		F2B591361F46F24B0079D599 /* LISDKPermission.h */ = {isa = PBXFileReference; fileEncoding = 4; lastKnownFileType = sourcecode.c.h; path = LISDKPermission.h; sourceTree = "<group>"; };
		F2B591371F46F24B0079D599 /* RCTLinkedinLogin.m */ = {isa = PBXFileReference; fileEncoding = 4; lastKnownFileType = sourcecode.c.objc; path = RCTLinkedinLogin.m; sourceTree = "<group>"; };
		F2B591381F46F24B0079D599 /* LISDKSession.h */ = {isa = PBXFileReference; fileEncoding = 4; lastKnownFileType = sourcecode.c.h; path = LISDKSession.h; sourceTree = "<group>"; };
		F2B591391F46F24B0079D599 /* LISDK.h */ = {isa = PBXFileReference; fileEncoding = 4; lastKnownFileType = sourcecode.c.h; path = LISDK.h; sourceTree = "<group>"; };
		F2B5913A1F46F24B0079D599 /* LISDKAPIResponse.h */ = {isa = PBXFileReference; fileEncoding = 4; lastKnownFileType = sourcecode.c.h; path = LISDKAPIResponse.h; sourceTree = "<group>"; };
		F2B5913B1F46F24B0079D599 /* LISDKAccessToken.h */ = {isa = PBXFileReference; fileEncoding = 4; lastKnownFileType = sourcecode.c.h; path = LISDKAccessToken.h; sourceTree = "<group>"; };
		F2B5913C1F46F24B0079D599 /* LISDKDeeplinkHelper.h */ = {isa = PBXFileReference; fileEncoding = 4; lastKnownFileType = sourcecode.c.h; path = LISDKDeeplinkHelper.h; sourceTree = "<group>"; };
/* End PBXFileReference section */

/* Begin PBXFrameworksBuildPhase section */
		6FB6F0D61D8CE22100D9AE37 /* Frameworks */ = {
			isa = PBXFrameworksBuildPhase;
			buildActionMask = 2147483647;
			files = (
				F2B5913D1F46F24B0079D599 /* linkedin-sdk in Frameworks */,
			);
			runOnlyForDeploymentPostprocessing = 0;
		};
/* End PBXFrameworksBuildPhase section */

/* Begin PBXGroup section */
		6FB6F0D01D8CE22100D9AE37 = {
			isa = PBXGroup;
			children = (
				F2B5912E1F46F24B0079D599 /* RCTLinkedinLogin */,
				6FB6F0DA1D8CE22100D9AE37 /* Products */,
			);
			sourceTree = "<group>";
		};
		6FB6F0DA1D8CE22100D9AE37 /* Products */ = {
			isa = PBXGroup;
			children = (
				6FB6F0D91D8CE22100D9AE37 /* libRCTLinkedinLogin.a */,
			);
			name = Products;
			sourceTree = "<group>";
		};
		F2B5912E1F46F24B0079D599 /* RCTLinkedinLogin */ = {
			isa = PBXGroup;
			children = (
				F2B5912F1F46F24B0079D599 /* RCTLinkedinLogin.h */,
				F2B591301F46F24B0079D599 /* LISDKErrorCode.h */,
				F2B591311F46F24B0079D599 /* LISDKAPIError.h */,
				F2B591321F46F24B0079D599 /* LISDKSessionManager.h */,
				F2B591331F46F24B0079D599 /* LISDKCallbackHandler.h */,
				F2B591341F46F24B0079D599 /* LISDKAPIHelper.h */,
				F2B591351F46F24B0079D599 /* linkedin-sdk */,
				F2B591361F46F24B0079D599 /* LISDKPermission.h */,
				F2B591371F46F24B0079D599 /* RCTLinkedinLogin.m */,
				F2B591381F46F24B0079D599 /* LISDKSession.h */,
				F2B591391F46F24B0079D599 /* LISDK.h */,
				F2B5913A1F46F24B0079D599 /* LISDKAPIResponse.h */,
				F2B5913B1F46F24B0079D599 /* LISDKAccessToken.h */,
				F2B5913C1F46F24B0079D599 /* LISDKDeeplinkHelper.h */,
			);
			path = RCTLinkedinLogin;
			sourceTree = "<group>";
		};
/* End PBXGroup section */

/* Begin PBXNativeTarget section */
		6FB6F0D81D8CE22100D9AE37 /* RCTLinkedinLogin */ = {
			isa = PBXNativeTarget;
			buildConfigurationList = 6FB6F0E21D8CE22100D9AE37 /* Build configuration list for PBXNativeTarget "RCTLinkedinLogin" */;
			buildPhases = (
				6FB6F0D51D8CE22100D9AE37 /* Sources */,
				6FB6F0D61D8CE22100D9AE37 /* Frameworks */,
				6FB6F0D71D8CE22100D9AE37 /* Copy Files */,
			);
			buildRules = (
			);
			dependencies = (
			);
			name = RCTLinkedinLogin;
			productName = RNIdle;
			productReference = 6FB6F0D91D8CE22100D9AE37 /* libRCTLinkedinLogin.a */;
			productType = "com.apple.product-type.library.static";
		};
/* End PBXNativeTarget section */

/* Begin PBXProject section */
		6FB6F0D11D8CE22100D9AE37 /* Project object */ = {
			isa = PBXProject;
			attributes = {
				LastUpgradeCheck = 0730;
				ORGANIZATIONNAME = lcj;
				TargetAttributes = {
					6FB6F0D81D8CE22100D9AE37 = {
						CreatedOnToolsVersion = 7.3;
					};
				};
			};
			buildConfigurationList = 6FB6F0D41D8CE22100D9AE37 /* Build configuration list for PBXProject "RCTLinkedinLogin" */;
			compatibilityVersion = "Xcode 3.2";
			developmentRegion = English;
			hasScannedForEncodings = 0;
			knownRegions = (
				en,
			);
			mainGroup = 6FB6F0D01D8CE22100D9AE37;
			productRefGroup = 6FB6F0DA1D8CE22100D9AE37 /* Products */;
			projectDirPath = "";
			projectRoot = "";
			targets = (
				6FB6F0D81D8CE22100D9AE37 /* RCTLinkedinLogin */,
			);
		};
/* End PBXProject section */

/* Begin PBXSourcesBuildPhase section */
		6FB6F0D51D8CE22100D9AE37 /* Sources */ = {
			isa = PBXSourcesBuildPhase;
			buildActionMask = 2147483647;
			files = (
				F2B5913E1F46F24B0079D599 /* RCTLinkedinLogin.m in Sources */,
			);
			runOnlyForDeploymentPostprocessing = 0;
		};
/* End PBXSourcesBuildPhase section */

/* Begin XCBuildConfiguration section */
		6FB6F0E01D8CE22100D9AE37 /* Debug */ = {
			isa = XCBuildConfiguration;
			buildSettings = {
				ALWAYS_SEARCH_USER_PATHS = NO;
				CLANG_ANALYZER_NONNULL = YES;
				CLANG_CXX_LANGUAGE_STANDARD = "gnu++0x";
				CLANG_CXX_LIBRARY = "libc++";
				CLANG_ENABLE_MODULES = YES;
				CLANG_ENABLE_OBJC_ARC = YES;
				CLANG_WARN_BOOL_CONVERSION = YES;
				CLANG_WARN_CONSTANT_CONVERSION = YES;
				CLANG_WARN_DIRECT_OBJC_ISA_USAGE = YES_ERROR;
				CLANG_WARN_EMPTY_BODY = YES;
				CLANG_WARN_ENUM_CONVERSION = YES;
				CLANG_WARN_INT_CONVERSION = YES;
				CLANG_WARN_OBJC_ROOT_CLASS = YES_ERROR;
				CLANG_WARN_UNREACHABLE_CODE = YES;
				CLANG_WARN__DUPLICATE_METHOD_MATCH = YES;
				"CODE_SIGN_IDENTITY[sdk=iphoneos*]" = "iPhone Developer";
				COPY_PHASE_STRIP = NO;
				DEBUG_INFORMATION_FORMAT = dwarf;
				ENABLE_STRICT_OBJC_MSGSEND = YES;
				ENABLE_TESTABILITY = YES;
				GCC_C_LANGUAGE_STANDARD = gnu99;
				GCC_DYNAMIC_NO_PIC = NO;
				GCC_NO_COMMON_BLOCKS = YES;
				GCC_OPTIMIZATION_LEVEL = 0;
				GCC_PREPROCESSOR_DEFINITIONS = (
					"DEBUG=1",
					"$(inherited)",
				);
				GCC_WARN_64_TO_32_BIT_CONVERSION = YES;
				GCC_WARN_ABOUT_RETURN_TYPE = YES_ERROR;
				GCC_WARN_UNDECLARED_SELECTOR = YES;
				GCC_WARN_UNINITIALIZED_AUTOS = YES_AGGRESSIVE;
				GCC_WARN_UNUSED_FUNCTION = YES;
				GCC_WARN_UNUSED_VARIABLE = YES;
				IPHONEOS_DEPLOYMENT_TARGET = 9.3;
				MTL_ENABLE_DEBUG_INFO = YES;
				ONLY_ACTIVE_ARCH = YES;
				SDKROOT = iphoneos;
			};
			name = Debug;
		};
		6FB6F0E11D8CE22100D9AE37 /* Release */ = {
			isa = XCBuildConfiguration;
			buildSettings = {
				ALWAYS_SEARCH_USER_PATHS = NO;
				CLANG_ANALYZER_NONNULL = YES;
				CLANG_CXX_LANGUAGE_STANDARD = "gnu++0x";
				CLANG_CXX_LIBRARY = "libc++";
				CLANG_ENABLE_MODULES = YES;
				CLANG_ENABLE_OBJC_ARC = YES;
				CLANG_WARN_BOOL_CONVERSION = YES;
				CLANG_WARN_CONSTANT_CONVERSION = YES;
				CLANG_WARN_DIRECT_OBJC_ISA_USAGE = YES_ERROR;
				CLANG_WARN_EMPTY_BODY = YES;
				CLANG_WARN_ENUM_CONVERSION = YES;
				CLANG_WARN_INT_CONVERSION = YES;
				CLANG_WARN_OBJC_ROOT_CLASS = YES_ERROR;
				CLANG_WARN_UNREACHABLE_CODE = YES;
				CLANG_WARN__DUPLICATE_METHOD_MATCH = YES;
				"CODE_SIGN_IDENTITY[sdk=iphoneos*]" = "iPhone Developer";
				COPY_PHASE_STRIP = NO;
				DEBUG_INFORMATION_FORMAT = "dwarf-with-dsym";
				ENABLE_NS_ASSERTIONS = NO;
				ENABLE_STRICT_OBJC_MSGSEND = YES;
				GCC_C_LANGUAGE_STANDARD = gnu99;
				GCC_NO_COMMON_BLOCKS = YES;
				GCC_WARN_64_TO_32_BIT_CONVERSION = YES;
				GCC_WARN_ABOUT_RETURN_TYPE = YES_ERROR;
				GCC_WARN_UNDECLARED_SELECTOR = YES;
				GCC_WARN_UNINITIALIZED_AUTOS = YES_AGGRESSIVE;
				GCC_WARN_UNUSED_FUNCTION = YES;
				GCC_WARN_UNUSED_VARIABLE = YES;
				IPHONEOS_DEPLOYMENT_TARGET = 9.3;
				MTL_ENABLE_DEBUG_INFO = NO;
				SDKROOT = iphoneos;
				VALIDATE_PRODUCT = YES;
			};
			name = Release;
		};
		6FB6F0E31D8CE22100D9AE37 /* Debug */ = {
			isa = XCBuildConfiguration;
			buildSettings = {
				"CODE_SIGN_IDENTITY[sdk=iphoneos*]" = "";
				DEBUG_INFORMATION_FORMAT = "dwarf-with-dsym";
				ENABLE_TESTABILITY = YES;
				FRAMEWORK_SEARCH_PATHS = (
					"$(inherited)",
					"$(SRCROOT)/../node_modules/react-native-linkedin-login/**",
					"$(PROJECT_DIR)/**",
					"$(PROJECT_DIR)",
				);
				HEADER_SEARCH_PATHS = (
					"$(inherited)",
					/Applications/Xcode.app/Contents/Developer/Toolchains/XcodeDefault.xctoolchain/usr/include,
					"$(SRCROOT)/../node_modules/react-native/React/**",
					"$(SRCROOT)/../node_modules/react-native-linkedin-login/**",
				);
				IPHONEOS_DEPLOYMENT_TARGET = 8.0;
				LIBRARY_SEARCH_PATHS = (
					"$(inherited)",
					"$(PROJECT_DIR)/RCTLinkedinLogin",
				);
				OTHER_LDFLAGS = "-ObjC";
				PRODUCT_NAME = RCTLinkedinLogin;
				SKIP_INSTALL = YES;
			};
			name = Debug;
		};
		6FB6F0E41D8CE22100D9AE37 /* Release */ = {
			isa = XCBuildConfiguration;
			buildSettings = {
				"CODE_SIGN_IDENTITY[sdk=iphoneos*]" = "";
				COPY_PHASE_STRIP = YES;
				DEBUG_INFORMATION_FORMAT = "dwarf-with-dsym";
				ENABLE_TESTABILITY = NO;
				FRAMEWORK_SEARCH_PATHS = (
					"$(inherited)",
					"$(SRCROOT)/../node_modules/react-native-linkedin-login/**",
					"$(PROJECT_DIR)/**",
					"$(PROJECT_DIR)",
				);
				HEADER_SEARCH_PATHS = (
					"$(inherited)",
					/Applications/Xcode.app/Contents/Developer/Toolchains/XcodeDefault.xctoolchain/usr/include,
					"$(SRCROOT)/../node_modules/react-native/React/**",
					"$(SRCROOT)/../node_modules/react-native-linkedin-login/**",
				);
				IPHONEOS_DEPLOYMENT_TARGET = 8.0;
				LIBRARY_SEARCH_PATHS = (
					"$(inherited)",
					"$(PROJECT_DIR)/RCTLinkedinLogin",
				);
				OTHER_LDFLAGS = "-ObjC";
				PRODUCT_NAME = RCTLinkedinLogin;
				SKIP_INSTALL = YES;
			};
			name = Release;
		};
/* End XCBuildConfiguration section */

/* Begin XCConfigurationList section */
		6FB6F0D41D8CE22100D9AE37 /* Build configuration list for PBXProject "RCTLinkedinLogin" */ = {
			isa = XCConfigurationList;
			buildConfigurations = (
				6FB6F0E01D8CE22100D9AE37 /* Debug */,
				6FB6F0E11D8CE22100D9AE37 /* Release */,
			);
			defaultConfigurationIsVisible = 0;
			defaultConfigurationName = Release;
		};
		6FB6F0E21D8CE22100D9AE37 /* Build configuration list for PBXNativeTarget "RCTLinkedinLogin" */ = {
			isa = XCConfigurationList;
			buildConfigurations = (
				6FB6F0E31D8CE22100D9AE37 /* Debug */,
				6FB6F0E41D8CE22100D9AE37 /* Release */,
			);
			defaultConfigurationIsVisible = 0;
			defaultConfigurationName = Release;
		};
/* End XCConfigurationList section */
	};
	rootObject = 6FB6F0D11D8CE22100D9AE37 /* Project object */;
}
